
Microsoft Visual Studio Solution File, Format Version 12.00
# Visual Studio Version 17
VisualStudioVersion = 17.2.32630.192
MinimumVisualStudioVersion = 10.0.40219.1
Project("{FAE04EC0-301F-11D3-BF4B-00C04F79EFBC}") = "TextEditorMVVM.UWP", "TextEditorMVVM\TextEditorMVVM.UWP\TextEditorMVVM.UWP.csproj", "{949BFE85-D3BF-4F40-B65C-9303D513DF87}"
EndProject
Project("{FAE04EC0-301F-11D3-BF4B-00C04F79EFBC}") = "TextEditorMVVM.Android", "TextEditorMVVM\TextEditorMVVM.Android\TextEditorMVVM.Android.csproj", "{056A82EB-232E-4774-82C9-3111B4A5BC45}"
EndProject
Project("{FAE04EC0-301F-11D3-BF4B-00C04F79EFBC}") = "TextEditorMVVM.iOS", "TextEditorMVVM\TextEditorMVVM.iOS\TextEditorMVVM.iOS.csproj", "{F850D755-D8E3-4D6E-9C0D-CE7641C11047}"
EndProject
Project("{9A19103F-16F7-4668-BE54-9A1E7A4F7556}") = "TextEditorMVVM", "TextEditorMVVM\TextEditorMVVM\TextEditorMVVM.csproj", "{BFB300F5-9CE1-4F4E-B56B-F0476D56EB5D}"
EndProject
Global
	GlobalSection(SolutionConfigurationPlatforms) = preSolution
		Debug|Any CPU = Debug|Any CPU
		Debug|ARM = Debug|ARM
		Debug|iPhone = Debug|iPhone
		Debug|iPhoneSimulator = Debug|iPhoneSimulator
		Debug|x64 = Debug|x64
		Debug|x86 = Debug|x86
		Release|Any CPU = Release|Any CPU
		Release|ARM = Release|ARM
		Release|iPhone = Release|iPhone
		Release|iPhoneSimulator = Release|iPhoneSimulator
		Release|x64 = Release|x64
		Release|x86 = Release|x86
	EndGlobalSection
	GlobalSection(ProjectConfigurationPlatforms) = postSolution
		{949BFE85-D3BF-4F40-B65C-9303D513DF87}.Debug|Any CPU.ActiveCfg = Debug|x64
		{949BFE85-D3BF-4F40-B65C-9303D513DF87}.Debug|Any CPU.Build.0 = Debug|x64
		{949BFE85-D3BF-4F40-B65C-9303D513DF87}.Debug|Any CPU.Deploy.0 = Debug|x64
		{949BFE85-D3BF-4F40-B65C-9303D513DF87}.Debug|ARM.ActiveCfg = Debug|ARM
		{949BFE85-D3BF-4F40-B65C-9303D513DF87}.Debug|ARM.Build.0 = Debug|ARM
		{949BFE85-D3BF-4F40-B65C-9303D513DF87}.Debug|ARM.Deploy.0 = Debug|ARM
		{949BFE85-D3BF-4F40-B65C-9303D513DF87}.Debug|iPhone.ActiveCfg = Debug|x64
		{949BFE85-D3BF-4F40-B65C-9303D513DF87}.Debug|iPhone.Build.0 = Debug|x64
		{949BFE85-D3BF-4F40-B65C-9303D513DF87}.Debug|iPhone.Deploy.0 = Debug|x64
		{949BFE85-D3BF-4F40-B65C-9303D513DF87}.Debug|iPhoneSimulator.ActiveCfg = Debug|x64
		{949BFE85-D3BF-4F40-B65C-9303D513DF87}.Debug|iPhoneSimulator.Build.0 = Debug|x64
		{949BFE85-D3BF-4F40-B65C-9303D513DF87}.Debug|iPhoneSimulator.Deploy.0 = Debug|x64
		{949BFE85-D3BF-4F40-B65C-9303D513DF87}.Debug|x64.ActiveCfg = Debug|x64
		{949BFE85-D3BF-4F40-B65C-9303D513DF87}.Debug|x64.Build.0 = Debug|x64
		{949BFE85-D3BF-4F40-B65C-9303D513DF87}.Debug|x64.Deploy.0 = Debug|x64
		{949BFE85-D3BF-4F40-B65C-9303D513DF87}.Debug|x86.ActiveCfg = Debug|x86
		{949BFE85-D3BF-4F40-B65C-9303D513DF87}.Debug|x86.Build.0 = Debug|x86
		{949BFE85-D3BF-4F40-B65C-9303D513DF87}.Debug|x86.Deploy.0 = Debug|x86
		{949BFE85-D3BF-4F40-B65C-9303D513DF87}.Release|Any CPU.ActiveCfg = Release|x64
		{949BFE85-D3BF-4F40-B65C-9303D513DF87}.Release|Any CPU.Build.0 = Release|x64
		{949BFE85-D3BF-4F40-B65C-9303D513DF87}.Release|Any CPU.Deploy.0 = Release|x64
		{949BFE85-D3BF-4F40-B65C-9303D513DF87}.Release|ARM.ActiveCfg = Release|ARM
		{949BFE85-D3BF-4F40-B65C-9303D513DF87}.Release|ARM.Build.0 = Release|ARM
		{949BFE85-D3BF-4F40-B65C-9303D513DF87}.Release|ARM.Deploy.0 = Release|ARM
		{949BFE85-D3BF-4F40-B65C-9303D513DF87}.Release|iPhone.ActiveCfg = Release|x64
		{949BFE85-D3BF-4F40-B65C-9303D513DF87}.Release|iPhone.Build.0 = Release|x64
		{949BFE85-D3BF-4F40-B65C-9303D513DF87}.Release|iPhone.Deploy.0 = Release|x64
		{949BFE85-D3BF-4F40-B65C-9303D513DF87}.Release|iPhoneSimulator.ActiveCfg = Release|x64
		{949BFE85-D3BF-4F40-B65C-9303D513DF87}.Release|iPhoneSimulator.Build.0 = Release|x64
		{949BFE85-D3BF-4F40-B65C-9303D513DF87}.Release|iPhoneSimulator.Deploy.0 = Release|x64
		{949BFE85-D3BF-4F40-B65C-9303D513DF87}.Release|x64.ActiveCfg = Release|x64
		{949BFE85-D3BF-4F40-B65C-9303D513DF87}.Release|x64.Build.0 = Release|x64
		{949BFE85-D3BF-4F40-B65C-9303D513DF87}.Release|x64.Deploy.0 = Release|x64
		{949BFE85-D3BF-4F40-B65C-9303D513DF87}.Release|x86.ActiveCfg = Release|x86
		{949BFE85-D3BF-4F40-B65C-9303D513DF87}.Release|x86.Build.0 = Release|x86
		{949BFE85-D3BF-4F40-B65C-9303D513DF87}.Release|x86.Deploy.0 = Release|x86
		{056A82EB-232E-4774-82C9-3111B4A5BC45}.Debug|Any CPU.ActiveCfg = Debug|Any CPU
		{056A82EB-232E-4774-82C9-3111B4A5BC45}.Debug|Any CPU.Build.0 = Debug|Any CPU
		{056A82EB-232E-4774-82C9-3111B4A5BC45}.Debug|Any CPU.Deploy.0 = Debug|Any CPU
		{056A82EB-232E-4774-82C9-3111B4A5BC45}.Debug|ARM.ActiveCfg = Debug|Any CPU
		{056A82EB-232E-4774-82C9-3111B4A5BC45}.Debug|ARM.Build.0 = Debug|Any CPU
		{056A82EB-232E-4774-82C9-3111B4A5BC45}.Debug|ARM.Deploy.0 = Debug|Any CPU
		{056A82EB-232E-4774-82C9-3111B4A5BC45}.Debug|iPhone.ActiveCfg = Debug|Any CPU
		{056A82EB-232E-4774-82C9-3111B4A5BC45}.Debug|iPhone.Build.0 = Debug|Any CPU
		{056A82EB-232E-4774-82C9-3111B4A5BC45}.Debug|iPhone.Deploy.0 = Debug|Any CPU
		{056A82EB-232E-4774-82C9-3111B4A5BC45}.Debug|iPhoneSimulator.ActiveCfg = Debug|Any CPU
		{056A82EB-232E-4774-82C9-3111B4A5BC45}.Debug|iPhoneSimulator.Build.0 = Debug|Any CPU
		{056A82EB-232E-4774-82C9-3111B4A5BC45}.Debug|iPhoneSimulator.Deploy.0 = Debug|Any CPU
		{056A82EB-232E-4774-82C9-3111B4A5BC45}.Debug|x64.ActiveCfg = Debug|Any CPU
		{056A82EB-232E-4774-82C9-3111B4A5BC45}.Debug|x64.Build.0 = Debug|Any CPU
		{056A82EB-232E-4774-82C9-3111B4A5BC45}.Debug|x64.Deploy.0 = Debug|Any CPU
		{056A82EB-232E-4774-82C9-3111B4A5BC45}.Debug|x86.ActiveCfg = Debug|Any CPU
		{056A82EB-232E-4774-82C9-3111B4A5BC45}.Debug|x86.Build.0 = Debug|Any CPU
		{056A82EB-232E-4774-82C9-3111B4A5BC45}.Debug|x86.Deploy.0 = Debug|Any CPU
		{056A82EB-232E-4774-82C9-3111B4A5BC45}.Release|Any CPU.ActiveCfg = Release|Any CPU
		{056A82EB-232E-4774-82C9-3111B4A5BC45}.Release|Any CPU.Build.0 = Release|Any CPU
		{056A82EB-232E-4774-82C9-3111B4A5BC45}.Release|Any CPU.Deploy.0 = Release|Any CPU
		{056A82EB-232E-4774-82C9-3111B4A5BC45}.Release|ARM.ActiveCfg = Release|Any CPU
		{056A82EB-232E-4774-82C9-3111B4A5BC45}.Release|ARM.Build.0 = Release|Any CPU
		{056A82EB-232E-4774-82C9-3111B4A5BC45}.Release|ARM.Deploy.0 = Release|Any CPU
		{056A82EB-232E-4774-82C9-3111B4A5BC45}.Release|iPhone.ActiveCfg = Release|Any CPU
		{056A82EB-232E-4774-82C9-3111B4A5BC45}.Release|iPhone.Build.0 = Release|Any CPU
		{056A82EB-232E-4774-82C9-3111B4A5BC45}.Release|iPhone.Deploy.0 = Release|Any CPU
		{056A82EB-232E-4774-82C9-3111B4A5BC45}.Release|iPhoneSimulator.ActiveCfg = Release|Any CPU
		{056A82EB-232E-4774-82C9-3111B4A5BC45}.Release|iPhoneSimulator.Build.0 = Release|Any CPU
		{056A82EB-232E-4774-82C9-3111B4A5BC45}.Release|iPhoneSimulator.Deploy.0 = Release|Any CPU
		{056A82EB-232E-4774-82C9-3111B4A5BC45}.Release|x64.ActiveCfg = Release|Any CPU
		{056A82EB-232E-4774-82C9-3111B4A5BC45}.Release|x64.Build.0 = Release|Any CPU
		{056A82EB-232E-4774-82C9-3111B4A5BC45}.Release|x64.Deploy.0 = Release|Any CPU
		{056A82EB-232E-4774-82C9-3111B4A5BC45}.Release|x86.ActiveCfg = Release|Any CPU
		{056A82EB-232E-4774-82C9-3111B4A5BC45}.Release|x86.Build.0 = Release|Any CPU
		{056A82EB-232E-4774-82C9-3111B4A5BC45}.Release|x86.Deploy.0 = Release|Any CPU
		{F850D755-D8E3-4D6E-9C0D-CE7641C11047}.Debug|Any CPU.ActiveCfg = Debug|iPhoneSimulator
		{F850D755-D8E3-4D6E-9C0D-CE7641C11047}.Debug|Any CPU.Build.0 = Debug|iPhoneSimulator
		{F850D755-D8E3-4D6E-9C0D-CE7641C11047}.Debug|Any CPU.Deploy.0 = Debug|iPhoneSimulator
		{F850D755-D8E3-4D6E-9C0D-CE7641C11047}.Debug|ARM.ActiveCfg = Debug|iPhoneSimulator
		{F850D755-D8E3-4D6E-9C0D-CE7641C11047}.Debug|ARM.Build.0 = Debug|iPhoneSimulator
		{F850D755-D8E3-4D6E-9C0D-CE7641C11047}.Debug|ARM.Deploy.0 = Debug|iPhoneSimulator
		{F850D755-D8E3-4D6E-9C0D-CE7641C11047}.Debug|iPhone.ActiveCfg = Debug|iPhone
		{F850D755-D8E3-4D6E-9C0D-CE7641C11047}.Debug|iPhone.Build.0 = Debug|iPhone
		{F850D755-D8E3-4D6E-9C0D-CE7641C11047}.Debug|iPhone.Deploy.0 = Debug|iPhone
		{F850D755-D8E3-4D6E-9C0D-CE7641C11047}.Debug|iPhoneSimulator.ActiveCfg = Debug|iPhoneSimulator
		{F850D755-D8E3-4D6E-9C0D-CE7641C11047}.Debug|iPhoneSimulator.Build.0 = Debug|iPhoneSimulator
		{F850D755-D8E3-4D6E-9C0D-CE7641C11047}.Debug|iPhoneSimulator.Deploy.0 = Debug|iPhoneSimulator
		{F850D755-D8E3-4D6E-9C0D-CE7641C11047}.Debug|x64.ActiveCfg = Debug|iPhone
		{F850D755-D8E3-4D6E-9C0D-CE7641C11047}.Debug|x64.Build.0 = Debug|iPhone
		{F850D755-D8E3-4D6E-9C0D-CE7641C11047}.Debug|x64.Deploy.0 = Debug|iPhone
		{F850D755-D8E3-4D6E-9C0D-CE7641C11047}.Debug|x86.ActiveCfg = Debug|iPhoneSimulator
		{F850D755-D8E3-4D6E-9C0D-CE7641C11047}.Debug|x86.Build.0 = Debug|iPhoneSimulator
		{F850D755-D8E3-4D6E-9C0D-CE7641C11047}.Debug|x86.Deploy.0 = Debug|iPhoneSimulator
		{F850D755-D8E3-4D6E-9C0D-CE7641C11047}.Release|Any CPU.ActiveCfg = Release|iPhoneSimulator
		{F850D755-D8E3-4D6E-9C0D-CE7641C11047}.Release|Any CPU.Build.0 = Release|iPhoneSimulator
		{F850D755-D8E3-4D6E-9C0D-CE7641C11047}.Release|Any CPU.Deploy.0 = Release|iPhoneSimulator
		{F850D755-D8E3-4D6E-9C0D-CE7641C11047}.Release|ARM.ActiveCfg = Release|iPhoneSimulator
		{F850D755-D8E3-4D6E-9C0D-CE7641C11047}.Release|ARM.Build.0 = Release|iPhoneSimulator
		{F850D755-D8E3-4D6E-9C0D-CE7641C11047}.Release|ARM.Deploy.0 = Release|iPhoneSimulator
		{F850D755-D8E3-4D6E-9C0D-CE7641C11047}.Release|iPhone.ActiveCfg = Release|iPhone
		{F850D755-D8E3-4D6E-9C0D-CE7641C11047}.Release|iPhone.Build.0 = Release|iPhone
		{F850D755-D8E3-4D6E-9C0D-CE7641C11047}.Release|iPhone.Deploy.0 = Release|iPhone
		{F850D755-D8E3-4D6E-9C0D-CE7641C11047}.Release|iPhoneSimulator.ActiveCfg = Release|iPhoneSimulator
		{F850D755-D8E3-4D6E-9C0D-CE7641C11047}.Release|iPhoneSimulator.Build.0 = Release|iPhoneSimulator
		{F850D755-D8E3-4D6E-9C0D-CE7641C11047}.Release|iPhoneSimulator.Deploy.0 = Release|iPhoneSimulator
		{F850D755-D8E3-4D6E-9C0D-CE7641C11047}.Release|x64.ActiveCfg = Release|iPhoneSimulator
		{F850D755-D8E3-4D6E-9C0D-CE7641C11047}.Release|x64.Build.0 = Release|iPhoneSimulator
		{F850D755-D8E3-4D6E-9C0D-CE7641C11047}.Release|x64.Deploy.0 = Release|iPhoneSimulator
		{F850D755-D8E3-4D6E-9C0D-CE7641C11047}.Release|x86.ActiveCfg = Release|iPhoneSimulator
		{F850D755-D8E3-4D6E-9C0D-CE7641C11047}.Release|x86.Build.0 = Release|iPhoneSimulator
		{F850D755-D8E3-4D6E-9C0D-CE7641C11047}.Release|x86.Deploy.0 = Release|iPhoneSimulator
		{BFB300F5-9CE1-4F4E-B56B-F0476D56EB5D}.Debug|Any CPU.ActiveCfg = Debug|Any CPU
		{BFB300F5-9CE1-4F4E-B56B-F0476D56EB5D}.Debug|Any CPU.Build.0 = Debug|Any CPU
		{BFB300F5-9CE1-4F4E-B56B-F0476D56EB5D}.Debug|Any CPU.Deploy.0 = Debug|Any CPU
		{BFB300F5-9CE1-4F4E-B56B-F0476D56EB5D}.Debug|ARM.ActiveCfg = Debug|Any CPU
		{BFB300F5-9CE1-4F4E-B56B-F0476D56EB5D}.Debug|ARM.Build.0 = Debug|Any CPU
		{BFB300F5-9CE1-4F4E-B56B-F0476D56EB5D}.Debug|ARM.Deploy.0 = Debug|Any CPU
		{BFB300F5-9CE1-4F4E-B56B-F0476D56EB5D}.Debug|iPhone.ActiveCfg = Debug|Any CPU
		{BFB300F5-9CE1-4F4E-B56B-F0476D56EB5D}.Debug|iPhone.Build.0 = Debug|Any CPU
		{BFB300F5-9CE1-4F4E-B56B-F0476D56EB5D}.Debug|iPhone.Deploy.0 = Debug|Any CPU
		{BFB300F5-9CE1-4F4E-B56B-F0476D56EB5D}.Debug|iPhoneSimulator.ActiveCfg = Debug|Any CPU
		{BFB300F5-9CE1-4F4E-B56B-F0476D56EB5D}.Debug|iPhoneSimulator.Build.0 = Debug|Any CPU
		{BFB300F5-9CE1-4F4E-B56B-F0476D56EB5D}.Debug|iPhoneSimulator.Deploy.0 = Debug|Any CPU
		{BFB300F5-9CE1-4F4E-B56B-F0476D56EB5D}.Debug|x64.ActiveCfg = Debug|Any CPU
		{BFB300F5-9CE1-4F4E-B56B-F0476D56EB5D}.Debug|x64.Build.0 = Debug|Any CPU
		{BFB300F5-9CE1-4F4E-B56B-F0476D56EB5D}.Debug|x64.Deploy.0 = Debug|Any CPU
		{BFB300F5-9CE1-4F4E-B56B-F0476D56EB5D}.Debug|x86.ActiveCfg = Debug|Any CPU
		{BFB300F5-9CE1-4F4E-B56B-F0476D56EB5D}.Debug|x86.Build.0 = Debug|Any CPU
		{BFB300F5-9CE1-4F4E-B56B-F0476D56EB5D}.Debug|x86.Deploy.0 = Debug|Any CPU
		{BFB300F5-9CE1-4F4E-B56B-F0476D56EB5D}.Release|Any CPU.ActiveCfg = Release|Any CPU
		{BFB300F5-9CE1-4F4E-B56B-F0476D56EB5D}.Release|Any CPU.Build.0 = Release|Any CPU
		{BFB300F5-9CE1-4F4E-B56B-F0476D56EB5D}.Release|Any CPU.Deploy.0 = Release|Any CPU
		{BFB300F5-9CE1-4F4E-B56B-F0476D56EB5D}.Release|ARM.ActiveCfg = Release|Any CPU
		{BFB300F5-9CE1-4F4E-B56B-F0476D56EB5D}.Release|ARM.Build.0 = Release|Any CPU
		{BFB300F5-9CE1-4F4E-B56B-F0476D56EB5D}.Release|ARM.Deploy.0 = Release|Any CPU
		{BFB300F5-9CE1-4F4E-B56B-F0476D56EB5D}.Release|iPhone.ActiveCfg = Release|Any CPU
		{BFB300F5-9CE1-4F4E-B56B-F0476D56EB5D}.Release|iPhone.Build.0 = Release|Any CPU
		{BFB300F5-9CE1-4F4E-B56B-F0476D56EB5D}.Release|iPhone.Deploy.0 = Release|Any CPU
		{BFB300F5-9CE1-4F4E-B56B-F0476D56EB5D}.Release|iPhoneSimulator.ActiveCfg = Release|Any CPU
		{BFB300F5-9CE1-4F4E-B56B-F0476D56EB5D}.Release|iPhoneSimulator.Build.0 = Release|Any CPU
		{BFB300F5-9CE1-4F4E-B56B-F0476D56EB5D}.Release|iPhoneSimulator.Deploy.0 = Release|Any CPU
		{BFB300F5-9CE1-4F4E-B56B-F0476D56EB5D}.Release|x64.ActiveCfg = Release|Any CPU
		{BFB300F5-9CE1-4F4E-B56B-F0476D56EB5D}.Release|x64.Build.0 = Release|Any CPU
		{BFB300F5-9CE1-4F4E-B56B-F0476D56EB5D}.Release|x64.Deploy.0 = Release|Any CPU
		{BFB300F5-9CE1-4F4E-B56B-F0476D56EB5D}.Release|x86.ActiveCfg = Release|Any CPU
		{BFB300F5-9CE1-4F4E-B56B-F0476D56EB5D}.Release|x86.Build.0 = Release|Any CPU
		{BFB300F5-9CE1-4F4E-B56B-F0476D56EB5D}.Release|x86.Deploy.0 = Release|Any CPU
	EndGlobalSection
	GlobalSection(SolutionProperties) = preSolution
		HideSolutionNode = FALSE
	EndGlobalSection
	GlobalSection(ExtensibilityGlobals) = postSolution
		SolutionGuid = {13894C24-4AB9-49F9-A28C-BC13BA1F5716}
	EndGlobalSection
EndGlobal
